
Microsoft Visual Studio Solution File, Format Version 12.00
# Visual Studio Version 17
VisualStudioVersion = 17.9.34607.119
MinimumVisualStudioVersion = 10.0.40219.1
Project("{2150E333-8FDC-42A3-9474-1A3956D46DE8}") = "src", "src", "{343A2351-5135-432B-8F96-0D3B2E83CA1E}"
EndProject
Project("{2150E333-8FDC-42A3-9474-1A3956D46DE8}") = "Core", "Core", "{612D2CD4-530F-4021-9626-B9CE5B9B933D}"
EndProject
Project("{9A19103F-16F7-4668-BE54-9A1E7A4F7556}") = "Application", "Application\Application.csproj", "{63FF711E-D163-4E29-991E-295A27891391}"
EndProject
Project("{9A19103F-16F7-4668-BE54-9A1E7A4F7556}") = "Domain", "Domain\Domain.csproj", "{DB3C8971-EA75-4A2F-8AB9-B73DAA3EC8DD}"
EndProject
Project("{2150E333-8FDC-42A3-9474-1A3956D46DE8}") = "External", "External", "{E8F134BA-1C1B-44BB-9087-EA3B598C3299}"
EndProject
Project("{9A19103F-16F7-4668-BE54-9A1E7A4F7556}") = "Infrastructure", "Infrastructure\Infrastructure.csproj", "{67A72D52-0D9D-4FAF-9488-8BF54BF67348}"
EndProject
Project("{9A19103F-16F7-4668-BE54-9A1E7A4F7556}") = "Presentation", "Presentation\Presentation.csproj", "{AE73CB39-3F04-4931-A1E3-B673CB327EB8}"
EndProject
Project("{FAE04EC0-301F-11D3-BF4B-00C04F79EFBC}") = "Web", "Web\Web.csproj", "{EB75DBBB-1472-49C4-882D-2355A051647F}"
EndProject
Project("{2150E333-8FDC-42A3-9474-1A3956D46DE8}") = "Элементы решения", "Элементы решения", "{E3D2EEE7-99D8-4389-AD69-A26F940546E6}"
	ProjectSection(SolutionItems) = preProject
		Readme.md = Readme.md
	EndProjectSection
EndProject
Global
	GlobalSection(SolutionConfigurationPlatforms) = preSolution
		Debug|Any CPU = Debug|Any CPU
		Release|Any CPU = Release|Any CPU
	EndGlobalSection
	GlobalSection(ProjectConfigurationPlatforms) = postSolution
		{63FF711E-D163-4E29-991E-295A27891391}.Debug|Any CPU.ActiveCfg = Debug|Any CPU
		{63FF711E-D163-4E29-991E-295A27891391}.Debug|Any CPU.Build.0 = Debug|Any CPU
		{63FF711E-D163-4E29-991E-295A27891391}.Release|Any CPU.ActiveCfg = Release|Any CPU
		{63FF711E-D163-4E29-991E-295A27891391}.Release|Any CPU.Build.0 = Release|Any CPU
		{DB3C8971-EA75-4A2F-8AB9-B73DAA3EC8DD}.Debug|Any CPU.ActiveCfg = Debug|Any CPU
		{DB3C8971-EA75-4A2F-8AB9-B73DAA3EC8DD}.Debug|Any CPU.Build.0 = Debug|Any CPU
		{DB3C8971-EA75-4A2F-8AB9-B73DAA3EC8DD}.Release|Any CPU.ActiveCfg = Release|Any CPU
		{DB3C8971-EA75-4A2F-8AB9-B73DAA3EC8DD}.Release|Any CPU.Build.0 = Release|Any CPU
		{67A72D52-0D9D-4FAF-9488-8BF54BF67348}.Debug|Any CPU.ActiveCfg = Debug|Any CPU
		{67A72D52-0D9D-4FAF-9488-8BF54BF67348}.Debug|Any CPU.Build.0 = Debug|Any CPU
		{67A72D52-0D9D-4FAF-9488-8BF54BF67348}.Release|Any CPU.ActiveCfg = Release|Any CPU
		{67A72D52-0D9D-4FAF-9488-8BF54BF67348}.Release|Any CPU.Build.0 = Release|Any CPU
		{AE73CB39-3F04-4931-A1E3-B673CB327EB8}.Debug|Any CPU.ActiveCfg = Debug|Any CPU
		{AE73CB39-3F04-4931-A1E3-B673CB327EB8}.Debug|Any CPU.Build.0 = Debug|Any CPU
		{AE73CB39-3F04-4931-A1E3-B673CB327EB8}.Release|Any CPU.ActiveCfg = Release|Any CPU
		{AE73CB39-3F04-4931-A1E3-B673CB327EB8}.Release|Any CPU.Build.0 = Release|Any CPU
		{EB75DBBB-1472-49C4-882D-2355A051647F}.Debug|Any CPU.ActiveCfg = Debug|Any CPU
		{EB75DBBB-1472-49C4-882D-2355A051647F}.Debug|Any CPU.Build.0 = Debug|Any CPU
		{EB75DBBB-1472-49C4-882D-2355A051647F}.Release|Any CPU.ActiveCfg = Release|Any CPU
		{EB75DBBB-1472-49C4-882D-2355A051647F}.Release|Any CPU.Build.0 = Release|Any CPU
	EndGlobalSection
	GlobalSection(SolutionProperties) = preSolution
		HideSolutionNode = FALSE
	EndGlobalSection
	GlobalSection(NestedProjects) = preSolution
		{612D2CD4-530F-4021-9626-B9CE5B9B933D} = {343A2351-5135-432B-8F96-0D3B2E83CA1E}
		{63FF711E-D163-4E29-991E-295A27891391} = {612D2CD4-530F-4021-9626-B9CE5B9B933D}
		{DB3C8971-EA75-4A2F-8AB9-B73DAA3EC8DD} = {612D2CD4-530F-4021-9626-B9CE5B9B933D}
		{E8F134BA-1C1B-44BB-9087-EA3B598C3299} = {343A2351-5135-432B-8F96-0D3B2E83CA1E}
		{67A72D52-0D9D-4FAF-9488-8BF54BF67348} = {E8F134BA-1C1B-44BB-9087-EA3B598C3299}
		{AE73CB39-3F04-4931-A1E3-B673CB327EB8} = {E8F134BA-1C1B-44BB-9087-EA3B598C3299}
		{EB75DBBB-1472-49C4-882D-2355A051647F} = {343A2351-5135-432B-8F96-0D3B2E83CA1E}
	EndGlobalSection
	GlobalSection(ExtensibilityGlobals) = postSolution
		SolutionGuid = {EB325FF9-B9AB-4AA3-A967-D51AC543AE67}
	EndGlobalSection
EndGlobal
